<?xml version="1.0" encoding="UTF-8" standalone="yes" ?>
<CodeBlocks_project_file>
	<FileVersion major="1" minor="6" />
	<Project>
		<Option title="ksi_exe" />
		<Option pch_mode="2" />
		<Option compiler="mingw64" />
		<Build>
			<Target title="Release">
				<Option output="../bin/ksi" prefix_auto="1" extension_auto="1" />
				<Option object_output="../obj_exe/" />
				<Option type="1" />
				<Option compiler="mingw64" />
				<Option parameters='&quot;../test01.ksi&quot; -show_log -debug' />
				<Compiler>
					<Add option="-O3" />
					<Add option="-std=c++17" />
					<Add option="-m64" />
				</Compiler>
				<Linker>
					<Add option="-s" />
					<Add option="-m64" />
				</Linker>
			</Target>
		</Build>
		<Compiler>
			<Add option="-Wall" />
			<Add option="-fexceptions" />
		</Compiler>
		<Unit filename="../res/res.rc">
			<Option compilerVar="WINDRES" />
		</Unit>
		<Unit filename="../src/extra.cpp" />
		<Unit filename="../src/ksi_types.cpp" />
		<Unit filename="../src_exe/ksi_lib_loader.cpp" />
		<Unit filename="../src_exe/ksi_lib_loader.h" />
		<Unit filename="../src_exe/main.cpp" />
		<Extensions>
			<lib_finder disable_auto="1" />
		</Extensions>
	</Project>
</CodeBlocks_project_file>
