<?xml version="1.0" encoding="utf-8"?>
<Project ToolsVersion="4.0" xmlns="http://schemas.microsoft.com/developer/msbuild/2003">
  <ItemGroup>
    <Filter Include="Исходные файлы">
      <UniqueIdentifier>{4FC737F1-C7A5-4376-A066-2A32D752A2FF}</UniqueIdentifier>
      <Extensions>cpp;c;cc;cxx;c++;cppm;ixx;def;odl;idl;hpj;bat;asm;asmx</Extensions>
    </Filter>
    <Filter Include="Файлы заголовков">
      <UniqueIdentifier>{93995380-89BD-4b04-88EB-625FBE52EBFB}</UniqueIdentifier>
      <Extensions>h;hh;hpp;hxx;h++;hm;inl;inc;ipp;xsd</Extensions>
    </Filter>
    <Filter Include="Файлы ресурсов">
      <UniqueIdentifier>{67DA6AB6-F800-4c08-8B7A-83BB121AAD01}</UniqueIdentifier>
      <Extensions>rc;ico;cur;bmp;dlg;rc2;rct;bin;rgs;gif;jpg;jpeg;jpe;resx;tiff;tif;png;wav;mfcribbon-ms</Extensions>
    </Filter>
  </ItemGroup>
  <ItemGroup>
    <ClInclude Include="..\src\pre.h">
      <Filter>Файлы заголовков</Filter>
    </ClInclude>
    <ClInclude Include="..\res\resource.h">
      <Filter>Файлы заголовков</Filter>
    </ClInclude>
    <ClInclude Include="..\src_just\just.optr.vector.h">
      <Filter>Исходные файлы</Filter>
    </ClInclude>
    <ClInclude Include="..\src_just\just.optr.map.h">
      <Filter>Исходные файлы</Filter>
    </ClInclude>
    <ClInclude Include="..\src_just\just.optr.hive.h">
      <Filter>Исходные файлы</Filter>
    </ClInclude>
  </ItemGroup>
  <ItemGroup>
    <ClCompile Include="..\src_just\just.iter.ixx">
      <Filter>Исходные файлы</Filter>
    </ClCompile>
    <ClCompile Include="..\src_just\just.list.ixx">
      <Filter>Исходные файлы</Filter>
    </ClCompile>
    <ClCompile Include="..\src_just\just.output.ixx">
      <Filter>Исходные файлы</Filter>
    </ClCompile>
    <ClCompile Include="..\src_bin\main.cpp">
      <Filter>Исходные файлы</Filter>
    </ClCompile>
    <ClCompile Include="..\src_just\just.pool.ixx">
      <Filter>Исходные файлы</Filter>
    </ClCompile>
    <ClCompile Include="..\src_just\just.list_forward.ixx">
      <Filter>Исходные файлы</Filter>
    </ClCompile>
    <ClCompile Include="..\src_just\just.flags_bits.ixx">
      <Filter>Исходные файлы</Filter>
    </ClCompile>
    <ClCompile Include="..\src_just\just.optr.ixx">
      <Filter>Исходные файлы</Filter>
    </ClCompile>
    <ClCompile Include="..\src_just\just.choice.ixx">
      <Filter>Исходные файлы</Filter>
    </ClCompile>
    <ClCompile Include="..\src_ksi\ksi.var.ixx">
      <Filter>Исходные файлы</Filter>
    </ClCompile>
    <ClCompile Include="..\src_just\just.keep.ixx">
      <Filter>Исходные файлы</Filter>
    </ClCompile>
    <ClCompile Include="..\src_just\just.aux.ixx">
      <Filter>Исходные файлы</Filter>
    </ClCompile>
    <ClCompile Include="..\src_just\just.std.ixx">
      <Filter>Исходные файлы</Filter>
    </ClCompile>
    <ClCompile Include="..\src_just\just.aligned.ixx">
      <Filter>Исходные файлы</Filter>
    </ClCompile>
    <ClCompile Include="..\src_just\just.fixed_array.ixx">
      <Filter>Исходные файлы</Filter>
    </ClCompile>
    <ClCompile Include="..\src_just\just.args.ixx">
      <Filter>Исходные файлы</Filter>
    </ClCompile>
    <ClCompile Include="..\src_ksi\ksi.space.ixx">
      <Filter>Исходные файлы</Filter>
    </ClCompile>
    <ClCompile Include="..\src_ksi\ksi.var.types.ixx">
      <Filter>Исходные файлы</Filter>
    </ClCompile>
    <ClCompile Include="..\src_ksi\ksi.var.config.ixx">
      <Filter>Исходные файлы</Filter>
    </ClCompile>
    <ClCompile Include="..\src_ksi\ksi.var.ops.ixx">
      <Filter>Исходные файлы</Filter>
    </ClCompile>
    <ClCompile Include="..\src_just\just.input.ixx">
      <Filter>Исходные файлы</Filter>
    </ClCompile>
    <ClCompile Include="..\src_ksi\ksi.parser.ixx">
      <Filter>Исходные файлы</Filter>
    </ClCompile>
    <ClCompile Include="..\src_ksi\ksi.parser.basic.ixx">
      <Filter>Исходные файлы</Filter>
    </ClCompile>
    <ClCompile Include="..\src_ksi\ksi.parser.state.ixx">
      <Filter>Исходные файлы</Filter>
    </ClCompile>
    <ClCompile Include="..\src_ksi\ksi.parser.alt.ixx">
      <Filter>Исходные файлы</Filter>
    </ClCompile>
    <ClCompile Include="..\src_just\just.text.ixx">
      <Filter>Исходные файлы</Filter>
    </ClCompile>
    <ClCompile Include="..\src_ksi\ksi.log.ixx">
      <Filter>Исходные файлы</Filter>
    </ClCompile>
    <ClCompile Include="..\src_ksi\ksi.var.value.ixx">
      <Filter>Исходные файлы</Filter>
    </ClCompile>
    <ClCompile Include="..\src_ksi\ksi.var.map.ixx">
      <Filter>Исходные файлы</Filter>
    </ClCompile>
    <ClCompile Include="..\src_ksi\ksi.var.array.ixx">
      <Filter>Исходные файлы</Filter>
    </ClCompile>
    <ClCompile Include="..\src_ksi\ksi.ast.ixx">
      <Filter>Исходные файлы</Filter>
    </ClCompile>
  </ItemGroup>
  <ItemGroup>
    <Image Include="..\res\ksi.lang.file.ico">
      <Filter>Файлы ресурсов</Filter>
    </Image>
  </ItemGroup>
  <ItemGroup>
    <ResourceCompile Include="..\res\ksi.rc">
      <Filter>Файлы ресурсов</Filter>
    </ResourceCompile>
  </ItemGroup>
</Project>